Microsoft Visual Studio Solution File, Format Version 12.00
# Visual Studio Version 17
VisualStudioVersion = 17.5.2.0
MinimumVisualStudioVersion = 10.0.40219.1
Project("{FAE04EC0-301F-11D3-BF4B-00C04F79EFBC}") = "PegasusFootprintsApi", "PegasusFootprintsApi.csproj", "{AAC26594-AF92-E577-7C61-923029A8E767}"
EndProject
Global
	GlobalSection(SolutionConfigurationPlatforms) = preSolution
		Debug|Any CPU = Debug|Any CPU
		Release|Any CPU = Release|Any CPU
	EndGlobalSection
	GlobalSection(ProjectConfigurationPlatforms) = postSolution
		{AAC26594-AF92-E577-7C61-923029A8E767}.Debug|Any CPU.ActiveCfg = Debug|Any CPU
		{AAC26594-AF92-E577-7C61-923029A8E767}.Debug|Any CPU.Build.0 = Debug|Any CPU
		{AAC26594-AF92-E577-7C61-923029A8E767}.Release|Any CPU.ActiveCfg = Release|Any CPU
		{AAC26594-AF92-E577-7C61-923029A8E767}.Release|Any CPU.Build.0 = Release|Any CPU
	EndGlobalSection
	GlobalSection(SolutionProperties) = preSolution
		HideSolutionNode = FALSE
	EndGlobalSection
	GlobalSection(ExtensibilityGlobals) = postSolution
		SolutionGuid = {FB184D0A-A169-4D06-894D-62E1888EC5C5}
	EndGlobalSection
EndGlobal
